
Microsoft Visual Studio Solution File, Format Version 12.00
# Visual Studio Version 17
VisualStudioVersion = 17.3.32929.385
MinimumVisualStudioVersion = 10.0.40219.1
Project("{FAE04EC0-301F-11D3-BF4B-00C04F79EFBC}") = "Owner.API", "Owner.API\Owner.API.csproj", "{EEB329D8-FE59-4805-8C1C-EC759EE33D96}"
EndProject
Global
	GlobalSection(SolutionConfigurationPlatforms) = preSolution
		Debug|Any CPU = Debug|Any CPU
		Release|Any CPU = Release|Any CPU
	EndGlobalSection
	GlobalSection(ProjectConfigurationPlatforms) = postSolution
		{EEB329D8-FE59-4805-8C1C-EC759EE33D96}.Debug|Any CPU.ActiveCfg = Debug|Any CPU
		{EEB329D8-FE59-4805-8C1C-EC759EE33D96}.Debug|Any CPU.Build.0 = Debug|Any CPU
		{EEB329D8-FE59-4805-8C1C-EC759EE33D96}.Release|Any CPU.ActiveCfg = Release|Any CPU
		{EEB329D8-FE59-4805-8C1C-EC759EE33D96}.Release|Any CPU.Build.0 = Release|Any CPU
	EndGlobalSection
	GlobalSection(SolutionProperties) = preSolution
		HideSolutionNode = FALSE
	EndGlobalSection
	GlobalSection(ExtensibilityGlobals) = postSolution
		SolutionGuid = {62BD8102-DFF4-44D1-B3AB-22FF90F9222E}
	EndGlobalSection
EndGlobal
